Microsoft Visual Studio Solution File, Format Version 11.00
# Visual Studio 2008

Project("{46F86FAA-6BBF-9AC9-4A7E-459509A20ED0}") = "project", "Assembly-CSharp-firstpass.csproj", "{A2F055FC-82E1-E36B-E172-6C2074565427}"
EndProject
Project("{46F86FAA-6BBF-9AC9-4A7E-459509A20ED0}") = "project", "Assembly-CSharp.csproj", "{7CA597AC-799E-2D81-E8A0-0EA9A568434E}"
EndProject
Project("{46F86FAA-6BBF-9AC9-4A7E-459509A20ED0}") = "project", "Assembly-CSharp-Editor.csproj", "{350FE3E3-48A3-F652-05DF-AA9DB89C53B0}"
EndProject
Project("{46F86FAA-6BBF-9AC9-4A7E-459509A20ED0}") = "project", "Assembly-UnityScript-firstpass.unityproj", "{8F3CE9A9-700A-12B4-8943-02DD2DF3DC22}"
EndProject
Global
	GlobalSection(SolutionConfigurationPlatforms) = preSolution
		Debug|Any CPU = Debug|Any CPU
		Release|Any CPU = Release|Any CPU
	EndGlobalSection
	GlobalSection(ProjectConfigurationPlatforms) = postSolution
		{A2F055FC-82E1-E36B-E172-6C2074565427}.Debug|Any CPU.ActiveCfg = Debug|Any CPU
		{A2F055FC-82E1-E36B-E172-6C2074565427}.Debug|Any CPU.Build.0 = Debug|Any CPU
		{A2F055FC-82E1-E36B-E172-6C2074565427}.Release|Any CPU.ActiveCfg = Release|Any CPU
		{A2F055FC-82E1-E36B-E172-6C2074565427}.Release|Any CPU.Build.0 = Release|Any CPU
		{7CA597AC-799E-2D81-E8A0-0EA9A568434E}.Debug|Any CPU.ActiveCfg = Debug|Any CPU
		{7CA597AC-799E-2D81-E8A0-0EA9A568434E}.Debug|Any CPU.Build.0 = Debug|Any CPU
		{7CA597AC-799E-2D81-E8A0-0EA9A568434E}.Release|Any CPU.ActiveCfg = Release|Any CPU
		{7CA597AC-799E-2D81-E8A0-0EA9A568434E}.Release|Any CPU.Build.0 = Release|Any CPU
		{350FE3E3-48A3-F652-05DF-AA9DB89C53B0}.Debug|Any CPU.ActiveCfg = Debug|Any CPU
		{350FE3E3-48A3-F652-05DF-AA9DB89C53B0}.Debug|Any CPU.Build.0 = Debug|Any CPU
		{350FE3E3-48A3-F652-05DF-AA9DB89C53B0}.Release|Any CPU.ActiveCfg = Release|Any CPU
		{350FE3E3-48A3-F652-05DF-AA9DB89C53B0}.Release|Any CPU.Build.0 = Release|Any CPU
		{8F3CE9A9-700A-12B4-8943-02DD2DF3DC22}.Debug|Any CPU.ActiveCfg = Debug|Any CPU
		{8F3CE9A9-700A-12B4-8943-02DD2DF3DC22}.Debug|Any CPU.Build.0 = Debug|Any CPU
		{8F3CE9A9-700A-12B4-8943-02DD2DF3DC22}.Release|Any CPU.ActiveCfg = Release|Any CPU
		{8F3CE9A9-700A-12B4-8943-02DD2DF3DC22}.Release|Any CPU.Build.0 = Release|Any CPU
	EndGlobalSection
	GlobalSection(SolutionProperties) = preSolution
		HideSolutionNode = FALSE
	EndGlobalSection
																																																																																																																				GlobalSection(MonoDevelopProperties) = preSolution
=======
																																																																																																																			GlobalSection(MonoDevelopProperties) = preSolution
=======
																																																																																																																																			GlobalSection(MonoDevelopProperties) = preSolution
>>>>>>> 39fad369404455e7b325db153bfbed87a8908f08
=======
																																																																																																											GlobalSection(MonoDevelopProperties) = preSolution
>>>>>>> 0cdf541a1a54733d71f5e6bb704babc43b557f62
>>>>>>> 02e04cb26b64e53de73241d4de9b1efea868b87a
=======
																																																																																															GlobalSection(MonoDevelopProperties) = preSolution
=======
																																																																																																							GlobalSection(MonoDevelopProperties) = preSolution
>>>>>>> 7a8a05a7a7077bb93137a97632098010eca88771
=======
																																																																																													GlobalSection(MonoDevelopProperties) = preSolution
>>>>>>> 223f629268e7962f1dd0ad9258352c383296d635
>>>>>>> df973698accc2b8903546c581b3d7e9b0eacd646
=======
																																																																																GlobalSection(MonoDevelopProperties) = preSolution
>>>>>>> aed0a50a6611d0c91fba4d35ac43499a06bae2db
=======
																																			GlobalSection(MonoDevelopProperties) = preSolution
=======
																																									GlobalSection(MonoDevelopProperties) = preSolution
>>>>>>> 576ed6d77e9db96602d06a3771025cb4ca3b3de5
=======
																											GlobalSection(MonoDevelopProperties) = preSolution
>>>>>>> acf79857e85c67786b7e17a41643f9b6a2319cd3
=======
															GlobalSection(MonoDevelopProperties) = preSolution
>>>>>>> 36aeb005985c83692fa86fc6d5c165fea1bc7f97
>>>>>>> a3364eedaf7960c2c95f8a3a887060e31ccdc9d2
		StartupItem = Assembly-CSharp.csproj
		Policies = $0
		$0.TextStylePolicy = $1
		$1.inheritsSet = null
		$1.scope = text/x-csharp
		$0.CSharpFormattingPolicy = $2
		$2.inheritsSet = Mono
		$2.inheritsScope = text/x-csharp
		$2.scope = text/x-csharp
		$0.TextStylePolicy = $3
		$3.FileWidth = 120
		$3.TabWidth = 4
		$3.IndentWidth = 4
		$3.EolMarker = Unix
		$3.inheritsSet = Mono
		$3.inheritsScope = text/plain
		$3.scope = text/plain
	EndGlobalSection

EndGlobal
